{
  "nodes": {
    "nixpkgs": {
      "locked": {
        "lastModified": 1775464765,
        "narHash": "sha256-nex6TL2x1/sVHCyDWcvl1t/dbTedb9bAGC4DLf/pmYk=",
        "owner": "NixOS",
        "repo": "nixpkgs",
        "rev": "83e29f2b8791f6dec20804382fcd9a666d744c07",
        "type": "github"
      },
      "original": {
        "owner": "NixOS",
        "ref": "nixpkgs-unstable",
        "repo": "nixpkgs",
        "type": "github"
      }
    },
    "opencode-upstream": {
      "inputs": {
        "nixpkgs": [
          "nixpkgs"
        ]
      },
      "locked": {
        "lastModified": 1775461158,
        "narHash": "sha256-FiQzBj3C0sAnKU+WMktliqt0zM3YQDrgQbner1LOTi8=",
        "owner": "anomalyco",
        "repo": "opencode",
        "rev": "517e6c9aa4c61dbc125e7654fc596f1d529f20d9",
        "type": "github"
      },
      "original": {
        "owner": "anomalyco",
        "ref": "v1.3.17",
        "repo": "opencode",
        "type": "github"
      }
    },
    "root": {
      "inputs": {
        "nixpkgs": "nixpkgs",
        "opencode-upstream": "opencode-upstream"
      }
    }
  },
  "root": "root",
  "version": 7
}
